<Solution>
  <Configurations>
    <Platform Name="Any CPU" />
    <Platform Name="x86" />
  </Configurations>
  <Folder Name="/Core/">
    <Project Path="DebugDataViewCore/DebugDataViewCore.csproj" Id="acc68f26-46f6-474c-a542-7db9d80abce5">
      <Platform Solution="*|x86" Project="x86" />
    </Project>
  </Folder>
  <Folder Name="/Support/">
    <Project Path="Support/DataSturctures/DataSturctures.csproj" />
    <Project Path="Support/FunctionalService/FunctionalService.csproj" Id="8f0a9aa9-78d2-44a3-b4c6-9815f77a4a0e" />
  </Folder>
  <Folder Name="/解决方案项/">
    <File Path=".editorconfig" />
    <File Path=".gitattributes" />
    <File Path=".gitignore" />
    <File Path="LICENSE.txt" />
    <File Path="README.md" />
  </Folder>
</Solution>
